
Microsoft Visual Studio Solution File, Format Version 12.00
# Visual Studio 15
VisualStudioVersion = 15.0.28307.168
MinimumVisualStudioVersion = 10.0.40219.1
Project("{FAE04EC0-301F-11D3-BF4B-00C04F79EFBC}") = "CiscoGuide.Android", "CiscoGuide\CiscoGuide.Android\CiscoGuide.Android.csproj", "{B09EAECD-22DD-45C1-B7B7-0B9C256CB3B4}"
EndProject
Project("{FAE04EC0-301F-11D3-BF4B-00C04F79EFBC}") = "CiscoGuide", "CiscoGuide\CiscoGuide\CiscoGuide.csproj", "{4C0B13C2-6CC8-4D41-B6E3-1A388981D3DD}"
EndProject
Global
	GlobalSection(SolutionConfigurationPlatforms) = preSolution
		Debug|Any CPU = Debug|Any CPU
		Release|Any CPU = Release|Any CPU
	EndGlobalSection
	GlobalSection(ProjectConfigurationPlatforms) = postSolution
		{B09EAECD-22DD-45C1-B7B7-0B9C256CB3B4}.Debug|Any CPU.ActiveCfg = Debug|Any CPU
		{B09EAECD-22DD-45C1-B7B7-0B9C256CB3B4}.Debug|Any CPU.Build.0 = Debug|Any CPU
		{B09EAECD-22DD-45C1-B7B7-0B9C256CB3B4}.Debug|Any CPU.Deploy.0 = Debug|Any CPU
		{B09EAECD-22DD-45C1-B7B7-0B9C256CB3B4}.Release|Any CPU.ActiveCfg = Release|Any CPU
		{B09EAECD-22DD-45C1-B7B7-0B9C256CB3B4}.Release|Any CPU.Build.0 = Release|Any CPU
		{B09EAECD-22DD-45C1-B7B7-0B9C256CB3B4}.Release|Any CPU.Deploy.0 = Release|Any CPU
		{4C0B13C2-6CC8-4D41-B6E3-1A388981D3DD}.Debug|Any CPU.ActiveCfg = Debug|Any CPU
		{4C0B13C2-6CC8-4D41-B6E3-1A388981D3DD}.Debug|Any CPU.Build.0 = Debug|Any CPU
		{4C0B13C2-6CC8-4D41-B6E3-1A388981D3DD}.Release|Any CPU.ActiveCfg = Release|Any CPU
		{4C0B13C2-6CC8-4D41-B6E3-1A388981D3DD}.Release|Any CPU.Build.0 = Release|Any CPU
	EndGlobalSection
	GlobalSection(SolutionProperties) = preSolution
		HideSolutionNode = FALSE
	EndGlobalSection
	GlobalSection(ExtensibilityGlobals) = postSolution
		SolutionGuid = {F4B491A2-63B6-4BAD-B716-76DD7ED753F5}
	EndGlobalSection
EndGlobal
